
Microsoft Visual Studio Solution File, Format Version 12.00
# Visual Studio Version 17
VisualStudioVersion = 17.14.36109.1
MinimumVisualStudioVersion = 10.0.40219.1
Project("{FAE04EC0-301F-11D3-BF4B-00C04F79EFBC}") = "HRMiniApp.Module", "HRMiniApp.Module\HRMiniApp.Module.csproj", "{DFBCABDD-D711-B3AD-C171-1FD10E291E98}"
EndProject
Project("{FAE04EC0-301F-11D3-BF4B-00C04F79EFBC}") = "HRMiniApp.Blazor.Server", "HRMiniApp.Blazor.Server\HRMiniApp.Blazor.Server.csproj", "{FBCFC3F4-3496-B506-D13E-E0661B39A478}"
EndProject
Project("{FAE04EC0-301F-11D3-BF4B-00C04F79EFBC}") = "HRMiniApp.Shared", "Shared\HRMiniApp.Shared.csproj", "{34FB2D24-7DF0-494B-94A1-6C640B3B886E}"
EndProject
Global
	GlobalSection(SolutionConfigurationPlatforms) = preSolution
		Debug|Any CPU = Debug|Any CPU
		EasyTest|Any CPU = EasyTest|Any CPU
		Release|Any CPU = Release|Any CPU
	EndGlobalSection
	GlobalSection(ProjectConfigurationPlatforms) = postSolution
		{DFBCABDD-D711-B3AD-C171-1FD10E291E98}.Debug|Any CPU.ActiveCfg = Debug|Any CPU
		{DFBCABDD-D711-B3AD-C171-1FD10E291E98}.Debug|Any CPU.Build.0 = Debug|Any CPU
		{DFBCABDD-D711-B3AD-C171-1FD10E291E98}.EasyTest|Any CPU.ActiveCfg = EasyTest|Any CPU
		{DFBCABDD-D711-B3AD-C171-1FD10E291E98}.EasyTest|Any CPU.Build.0 = EasyTest|Any CPU
		{DFBCABDD-D711-B3AD-C171-1FD10E291E98}.Release|Any CPU.ActiveCfg = Release|Any CPU
		{DFBCABDD-D711-B3AD-C171-1FD10E291E98}.Release|Any CPU.Build.0 = Release|Any CPU
		{FBCFC3F4-3496-B506-D13E-E0661B39A478}.Debug|Any CPU.ActiveCfg = Debug|Any CPU
		{FBCFC3F4-3496-B506-D13E-E0661B39A478}.Debug|Any CPU.Build.0 = Debug|Any CPU
		{FBCFC3F4-3496-B506-D13E-E0661B39A478}.EasyTest|Any CPU.ActiveCfg = EasyTest|Any CPU
		{FBCFC3F4-3496-B506-D13E-E0661B39A478}.EasyTest|Any CPU.Build.0 = EasyTest|Any CPU
		{FBCFC3F4-3496-B506-D13E-E0661B39A478}.Release|Any CPU.ActiveCfg = Release|Any CPU
		{FBCFC3F4-3496-B506-D13E-E0661B39A478}.Release|Any CPU.Build.0 = Release|Any CPU
		{34FB2D24-7DF0-494B-94A1-6C640B3B886E}.Debug|Any CPU.ActiveCfg = Debug|Any CPU
		{34FB2D24-7DF0-494B-94A1-6C640B3B886E}.Debug|Any CPU.Build.0 = Debug|Any CPU
		{34FB2D24-7DF0-494B-94A1-6C640B3B886E}.EasyTest|Any CPU.ActiveCfg = Release|Any CPU
		{34FB2D24-7DF0-494B-94A1-6C640B3B886E}.EasyTest|Any CPU.Build.0 = Release|Any CPU
		{34FB2D24-7DF0-494B-94A1-6C640B3B886E}.Release|Any CPU.ActiveCfg = Release|Any CPU
		{34FB2D24-7DF0-494B-94A1-6C640B3B886E}.Release|Any CPU.Build.0 = Release|Any CPU
	EndGlobalSection
	GlobalSection(SolutionProperties) = preSolution
		HideSolutionNode = FALSE
	EndGlobalSection
	GlobalSection(ExtensibilityGlobals) = postSolution
		SolutionGuid = {9FEE7B5B-7EA2-4E07-890D-E5B7A6F15455}
	EndGlobalSection
EndGlobal
